// !$*UTF8*$!
{
	archiveVersion = 1;
	classes = {
	};
	objectVersion = 46;
	objects = {

/* Begin PBXBuildFile section */
		CDD3666A1B41239C001025F3 /* main.m in Sources */ = {isa = PBXBuildFile; fileRef = CDD366691B41239C001025F3 /* main.m */; };
		CDD3666D1B41239C001025F3 /* AppDelegate.m in Sources */ = {isa = PBXBuildFile; fileRef = CDD3666C1B41239C001025F3 /* AppDelegate.m */; };
		CDD366701B41239C001025F3 /* TwitterReplica.xcdatamodeld in Sources */ = {isa = PBXBuildFile; fileRef = CDD3666E1B41239C001025F3 /* TwitterReplica.xcdatamodeld */; };
		CDD366731B41239C001025F3 /* LoginViewController.m in Sources */ = {isa = PBXBuildFile; fileRef = CDD366721B41239C001025F3 /* LoginViewController.m */; };
		CDD366781B41239C001025F3 /* Images.xcassets in Resources */ = {isa = PBXBuildFile; fileRef = CDD366771B41239C001025F3 /* Images.xcassets */; };
		CDD3667B1B41239C001025F3 /* LaunchScreen.xib in Resources */ = {isa = PBXBuildFile; fileRef = CDD366791B41239C001025F3 /* LaunchScreen.xib */; };
		CDD366871B41239C001025F3 /* TwitterReplicaTests.m in Sources */ = {isa = PBXBuildFile; fileRef = CDD366861B41239C001025F3 /* TwitterReplicaTests.m */; };
		CDD366961B41240E001025F3 /* Fabric.framework in Frameworks */ = {isa = PBXBuildFile; fileRef = CDD366921B41240E001025F3 /* Fabric.framework */; };
		CDD366971B41240E001025F3 /* TwitterKit.framework in Frameworks */ = {isa = PBXBuildFile; fileRef = CDD366931B41240E001025F3 /* TwitterKit.framework */; };
		CDD366981B41240E001025F3 /* TwitterKitResources.bundle in Resources */ = {isa = PBXBuildFile; fileRef = CDD366941B41240E001025F3 /* TwitterKitResources.bundle */; };
		CDD366991B41240E001025F3 /* TwitterCore.framework in Frameworks */ = {isa = PBXBuildFile; fileRef = CDD366951B41240E001025F3 /* TwitterCore.framework */; };
		CDD3669B1B412551001025F3 /* LoginViewController.xib in Resources */ = {isa = PBXBuildFile; fileRef = CDD3669A1B412551001025F3 /* LoginViewController.xib */; };
		CDD3669F1B412B49001025F3 /* TweetsViewController.m in Sources */ = {isa = PBXBuildFile; fileRef = CDD3669D1B412B49001025F3 /* TweetsViewController.m */; };
		CDD366A01B412B49001025F3 /* TweetsViewController.xib in Resources */ = {isa = PBXBuildFile; fileRef = CDD3669E1B412B49001025F3 /* TweetsViewController.xib */; };
		CDD366A41B413002001025F3 /* TweetsModal.m in Sources */ = {isa = PBXBuildFile; fileRef = CDD366A31B413002001025F3 /* TweetsModal.m */; };
		F72ACC331B45C2F200D2EF85 /* default_banner.png in Resources */ = {isa = PBXBuildFile; fileRef = F72ACC321B45C2F200D2EF85 /* default_banner.png */; };
		F72C5B851B429161001FF455 /* URBMediaFocusViewController.m in Sources */ = {isa = PBXBuildFile; fileRef = F72C5B841B429161001FF455 /* URBMediaFocusViewController.m */; };
		F75292D51B441B6500DBAC42 /* cover.png in Resources */ = {isa = PBXBuildFile; fileRef = F75292D41B441B6500DBAC42 /* cover.png */; };
		F75292D91B441BE800DBAC42 /* ProfileViewController.m in Sources */ = {isa = PBXBuildFile; fileRef = F75292D71B441BE800DBAC42 /* ProfileViewController.m */; };
		F75292DA1B441BE800DBAC42 /* ProfileViewController.xib in Resources */ = {isa = PBXBuildFile; fileRef = F75292D81B441BE800DBAC42 /* ProfileViewController.xib */; };
		F75292DD1B44237000DBAC42 /* MBTwitterScroll.m in Sources */ = {isa = PBXBuildFile; fileRef = F75292DC1B44237000DBAC42 /* MBTwitterScroll.m */; };
		F75292E01B44253C00DBAC42 /* UIScrollView+TwitterCover.m in Sources */ = {isa = PBXBuildFile; fileRef = F75292DF1B44253C00DBAC42 /* UIScrollView+TwitterCover.m */; };
		F75292E21B44256E00DBAC42 /* chandler.gif in Resources */ = {isa = PBXBuildFile; fileRef = F75292E11B44256E00DBAC42 /* chandler.gif */; };
		F763C7051B45A55C00257A56 /* UserTimelineViewController.m in Sources */ = {isa = PBXBuildFile; fileRef = F763C7031B45A55C00257A56 /* UserTimelineViewController.m */; };
		F763C7061B45A55C00257A56 /* UserTimelineViewController.xib in Resources */ = {isa = PBXBuildFile; fileRef = F763C7041B45A55C00257A56 /* UserTimelineViewController.xib */; };
		F764B4FC1B414905001B85F4 /* TweetCell.m in Sources */ = {isa = PBXBuildFile; fileRef = F764B4FA1B414905001B85F4 /* TweetCell.m */; };
		F764B4FD1B414905001B85F4 /* TweetCell.xib in Resources */ = {isa = PBXBuildFile; fileRef = F764B4FB1B414905001B85F4 /* TweetCell.xib */; };
		F792D60F1B4413320038EB09 /* MentionsViewController.m in Sources */ = {isa = PBXBuildFile; fileRef = F792D60D1B4413320038EB09 /* MentionsViewController.m */; };
		F792D6101B4413320038EB09 /* MentionsViewController.xib in Resources */ = {isa = PBXBuildFile; fileRef = F792D60E1B4413320038EB09 /* MentionsViewController.xib */; };
		F79EBD8C1B44EDFB002A8EAA /* UserProfileModal.m in Sources */ = {isa = PBXBuildFile; fileRef = F79EBD8B1B44EDFB002A8EAA /* UserProfileModal.m */; };
		F7B369D61B4545030019DCCA /* SWRevealViewController.m in Sources */ = {isa = PBXBuildFile; fileRef = F7B369D51B4545030019DCCA /* SWRevealViewController.m */; };
		F7B36A571B45481C0019DCCA /* AFNetworkActivityIndicatorManager.m in Sources */ = {isa = PBXBuildFile; fileRef = F7B36A471B45481C0019DCCA /* AFNetworkActivityIndicatorManager.m */; };
		F7B36A581B45481C0019DCCA /* UIActivityIndicatorView+AFNetworking.m in Sources */ = {isa = PBXBuildFile; fileRef = F7B36A491B45481C0019DCCA /* UIActivityIndicatorView+AFNetworking.m */; };
		F7B36A591B45481C0019DCCA /* UIAlertView+AFNetworking.m in Sources */ = {isa = PBXBuildFile; fileRef = F7B36A4B1B45481C0019DCCA /* UIAlertView+AFNetworking.m */; };
		F7B36A5A1B45481C0019DCCA /* UIButton+AFNetworking.m in Sources */ = {isa = PBXBuildFile; fileRef = F7B36A4D1B45481C0019DCCA /* UIButton+AFNetworking.m */; };
		F7B36A5B1B45481C0019DCCA /* UIImageView+AFNetworking.m in Sources */ = {isa = PBXBuildFile; fileRef = F7B36A4F1B45481C0019DCCA /* UIImageView+AFNetworking.m */; };
		F7B36A5C1B45481C0019DCCA /* UIProgressView+AFNetworking.m in Sources */ = {isa = PBXBuildFile; fileRef = F7B36A521B45481C0019DCCA /* UIProgressView+AFNetworking.m */; };
		F7B36A5D1B45481C0019DCCA /* UIRefreshControl+AFNetworking.m in Sources */ = {isa = PBXBuildFile; fileRef = F7B36A541B45481C0019DCCA /* UIRefreshControl+AFNetworking.m */; };
		F7B36A5E1B45481C0019DCCA /* UIWebView+AFNetworking.m in Sources */ = {isa = PBXBuildFile; fileRef = F7B36A561B45481C0019DCCA /* UIWebView+AFNetworking.m */; };
		F7B36A721B4548310019DCCA /* AFHTTPRequestOperation.m in Sources */ = {isa = PBXBuildFile; fileRef = F7B36A601B4548310019DCCA /* AFHTTPRequestOperation.m */; };
		F7B36A731B4548310019DCCA /* AFHTTPRequestOperationManager.m in Sources */ = {isa = PBXBuildFile; fileRef = F7B36A621B4548310019DCCA /* AFHTTPRequestOperationManager.m */; };
		F7B36A741B4548310019DCCA /* AFHTTPSessionManager.m in Sources */ = {isa = PBXBuildFile; fileRef = F7B36A641B4548310019DCCA /* AFHTTPSessionManager.m */; };
		F7B36A751B4548310019DCCA /* AFNetworkReachabilityManager.m in Sources */ = {isa = PBXBuildFile; fileRef = F7B36A671B4548310019DCCA /* AFNetworkReachabilityManager.m */; };
		F7B36A761B4548310019DCCA /* AFSecurityPolicy.m in Sources */ = {isa = PBXBuildFile; fileRef = F7B36A691B4548310019DCCA /* AFSecurityPolicy.m */; };
		F7B36A771B4548310019DCCA /* AFURLConnectionOperation.m in Sources */ = {isa = PBXBuildFile; fileRef = F7B36A6B1B4548310019DCCA /* AFURLConnectionOperation.m */; };
		F7B36A781B4548310019DCCA /* AFURLRequestSerialization.m in Sources */ = {isa = PBXBuildFile; fileRef = F7B36A6D1B4548310019DCCA /* AFURLRequestSerialization.m */; };
		F7B36A791B4548310019DCCA /* AFURLResponseSerialization.m in Sources */ = {isa = PBXBuildFile; fileRef = F7B36A6F1B4548310019DCCA /* AFURLResponseSerialization.m */; };
		F7B36A7A1B4548310019DCCA /* AFURLSessionManager.m in Sources */ = {isa = PBXBuildFile; fileRef = F7B36A711B4548310019DCCA /* AFURLSessionManager.m */; };
		F7B36ABA1B454A9B0019DCCA /* RearViewController.m in Sources */ = {isa = PBXBuildFile; fileRef = F7B36AB81B454A9B0019DCCA /* RearViewController.m */; };
		F7B36ABB1B454A9B0019DCCA /* RearViewController.xib in Resources */ = {isa = PBXBuildFile; fileRef = F7B36AB91B454A9B0019DCCA /* RearViewController.xib */; };
		F7B36AC51B454C680019DCCA /* reveal-icon.png in Resources */ = {isa = PBXBuildFile; fileRef = F7B36AC31B454C680019DCCA /* reveal-icon.png */; };
		F7B36AC61B454C680019DCCA /* reveal-icon@2x.png in Resources */ = {isa = PBXBuildFile; fileRef = F7B36AC41B454C680019DCCA /* reveal-icon@2x.png */; };
		F7B36ACE1B45598D0019DCCA /* TweetsDetailsViewController.m in Sources */ = {isa = PBXBuildFile; fileRef = F7B36ACC1B45598D0019DCCA /* TweetsDetailsViewController.m */; };
		F7B36ACF1B45598D0019DCCA /* TweetsDetailsViewController.xib in Resources */ = {isa = PBXBuildFile; fileRef = F7B36ACD1B45598D0019DCCA /* TweetsDetailsViewController.xib */; };
		F7BD18061B41A77E008CD526 /* CINBouncyButton.m in Sources */ = {isa = PBXBuildFile; fileRef = F7BD18051B41A77E008CD526 /* CINBouncyButton.m */; };
		F7BD18161B41A8E0008CD526 /* ChameleonStatusBar.m in Sources */ = {isa = PBXBuildFile; fileRef = F7BD180D1B41A8E0008CD526 /* ChameleonStatusBar.m */; };
		F7BD18171B41A8E0008CD526 /* NSArray+Chameleon.m in Sources */ = {isa = PBXBuildFile; fileRef = F7BD180F1B41A8E0008CD526 /* NSArray+Chameleon.m */; };
		F7BD18181B41A8E0008CD526 /* UIColor+Chameleon.m in Sources */ = {isa = PBXBuildFile; fileRef = F7BD18111B41A8E0008CD526 /* UIColor+Chameleon.m */; };
		F7BD18191B41A8E0008CD526 /* UIColor+CIELAB.m in Sources */ = {isa = PBXBuildFile; fileRef = F7BD18131B41A8E0008CD526 /* UIColor+CIELAB.m */; };
		F7BD181A1B41A8E0008CD526 /* UIViewController+Chameleon.m in Sources */ = {isa = PBXBuildFile; fileRef = F7BD18151B41A8E0008CD526 /* UIViewController+Chameleon.m */; };
/* End PBXBuildFile section */

/* Begin PBXContainerItemProxy section */
		CDD366811B41239C001025F3 /* PBXContainerItemProxy */ = {
			isa = PBXContainerItemProxy;
			containerPortal = CDD3665C1B41239C001025F3 /* Project object */;
			proxyType = 1;
			remoteGlobalIDString = CDD366631B41239C001025F3;
			remoteInfo = TwitterReplica;
		};
/* End PBXContainerItemProxy section */

/* Begin PBXFileReference section */
		CDD366641B41239C001025F3 /* TwitterReplica.app */ = {isa = PBXFileReference; explicitFileType = wrapper.application; includeInIndex = 0; path = TwitterReplica.app; sourceTree = BUILT_PRODUCTS_DIR; };
		CDD366681B41239C001025F3 /* Info.plist */ = {isa = PBXFileReference; lastKnownFileType = text.plist.xml; path = Info.plist; sourceTree = "<group>"; };
		CDD366691B41239C001025F3 /* main.m */ = {isa = PBXFileReference; lastKnownFileType = sourcecode.c.objc; path = main.m; sourceTree = "<group>"; };
		CDD3666B1B41239C001025F3 /* AppDelegate.h */ = {isa = PBXFileReference; lastKnownFileType = sourcecode.c.h; path = AppDelegate.h; sourceTree = "<group>"; };
		CDD3666C1B41239C001025F3 /* AppDelegate.m */ = {isa = PBXFileReference; lastKnownFileType = sourcecode.c.objc; path = AppDelegate.m; sourceTree = "<group>"; };
		CDD3666F1B41239C001025F3 /* TwitterReplica.xcdatamodel */ = {isa = PBXFileReference; lastKnownFileType = wrapper.xcdatamodel; path = TwitterReplica.xcdatamodel; sourceTree = "<group>"; };
		CDD366711B41239C001025F3 /* LoginViewController.h */ = {isa = PBXFileReference; lastKnownFileType = sourcecode.c.h; path = LoginViewController.h; sourceTree = "<group>"; };
		CDD366721B41239C001025F3 /* LoginViewController.m */ = {isa = PBXFileReference; lastKnownFileType = sourcecode.c.objc; path = LoginViewController.m; sourceTree = "<group>"; };
		CDD366771B41239C001025F3 /* Images.xcassets */ = {isa = PBXFileReference; lastKnownFileType = folder.assetcatalog; path = Images.xcassets; sourceTree = "<group>"; };
		CDD3667A1B41239C001025F3 /* Base */ = {isa = PBXFileReference; lastKnownFileType = file.xib; name = Base; path = Base.lproj/LaunchScreen.xib; sourceTree = "<group>"; };
		CDD366801B41239C001025F3 /* TwitterReplicaTests.xctest */ = {isa = PBXFileReference; explicitFileType = wrapper.cfbundle; includeInIndex = 0; path = TwitterReplicaTests.xctest; sourceTree = BUILT_PRODUCTS_DIR; };
		CDD366851B41239C001025F3 /* Info.plist */ = {isa = PBXFileReference; lastKnownFileType = text.plist.xml; path = Info.plist; sourceTree = "<group>"; };
		CDD366861B41239C001025F3 /* TwitterReplicaTests.m */ = {isa = PBXFileReference; lastKnownFileType = sourcecode.c.objc; path = TwitterReplicaTests.m; sourceTree = "<group>"; };
		CDD366921B41240E001025F3 /* Fabric.framework */ = {isa = PBXFileReference; lastKnownFileType = wrapper.framework; path = Fabric.framework; sourceTree = "<group>"; };
		CDD366931B41240E001025F3 /* TwitterKit.framework */ = {isa = PBXFileReference; lastKnownFileType = wrapper.framework; path = TwitterKit.framework; sourceTree = "<group>"; };
		CDD366941B41240E001025F3 /* TwitterKitResources.bundle */ = {isa = PBXFileReference; lastKnownFileType = "wrapper.plug-in"; name = TwitterKitResources.bundle; path = TwitterKit.framework/Versions/A/Resources/TwitterKitResources.bundle; sourceTree = "<group>"; };
		CDD366951B41240E001025F3 /* TwitterCore.framework */ = {isa = PBXFileReference; lastKnownFileType = wrapper.framework; path = TwitterCore.framework; sourceTree = "<group>"; };
		CDD3669A1B412551001025F3 /* LoginViewController.xib */ = {isa = PBXFileReference; fileEncoding = 4; lastKnownFileType = file.xib; path = LoginViewController.xib; sourceTree = "<group>"; };
		CDD3669C1B412B49001025F3 /* TweetsViewController.h */ = {isa = PBXFileReference; fileEncoding = 4; lastKnownFileType = sourcecode.c.h; path = TweetsViewController.h; sourceTree = "<group>"; };
		CDD3669D1B412B49001025F3 /* TweetsViewController.m */ = {isa = PBXFileReference; fileEncoding = 4; lastKnownFileType = sourcecode.c.objc; path = TweetsViewController.m; sourceTree = "<group>"; };
		CDD3669E1B412B49001025F3 /* TweetsViewController.xib */ = {isa = PBXFileReference; fileEncoding = 4; lastKnownFileType = file.xib; path = TweetsViewController.xib; sourceTree = "<group>"; };
		CDD366A21B413002001025F3 /* TweetsModal.h */ = {isa = PBXFileReference; fileEncoding = 4; lastKnownFileType = sourcecode.c.h; path = TweetsModal.h; sourceTree = "<group>"; };
		CDD366A31B413002001025F3 /* TweetsModal.m */ = {isa = PBXFileReference; fileEncoding = 4; lastKnownFileType = sourcecode.c.objc; path = TweetsModal.m; sourceTree = "<group>"; };
		F72ACC321B45C2F200D2EF85 /* default_banner.png */ = {isa = PBXFileReference; lastKnownFileType = image.png; path = default_banner.png; sourceTree = "<group>"; };
		F72C5B831B429161001FF455 /* URBMediaFocusViewController.h */ = {isa = PBXFileReference; fileEncoding = 4; lastKnownFileType = sourcecode.c.h; path = URBMediaFocusViewController.h; sourceTree = "<group>"; };
		F72C5B841B429161001FF455 /* URBMediaFocusViewController.m */ = {isa = PBXFileReference; fileEncoding = 4; lastKnownFileType = sourcecode.c.objc; path = URBMediaFocusViewController.m; sourceTree = "<group>"; };
		F75292D41B441B6500DBAC42 /* cover.png */ = {isa = PBXFileReference; lastKnownFileType = image.png; path = cover.png; sourceTree = "<group>"; };
		F75292D61B441BE800DBAC42 /* ProfileViewController.h */ = {isa = PBXFileReference; fileEncoding = 4; lastKnownFileType = sourcecode.c.h; path = ProfileViewController.h; sourceTree = "<group>"; };
		F75292D71B441BE800DBAC42 /* ProfileViewController.m */ = {isa = PBXFileReference; fileEncoding = 4; lastKnownFileType = sourcecode.c.objc; path = ProfileViewController.m; sourceTree = "<group>"; };
		F75292D81B441BE800DBAC42 /* ProfileViewController.xib */ = {isa = PBXFileReference; fileEncoding = 4; lastKnownFileType = file.xib; path = ProfileViewController.xib; sourceTree = "<group>"; };
		F75292DB1B44237000DBAC42 /* MBTwitterScroll.h */ = {isa = PBXFileReference; fileEncoding = 4; lastKnownFileType = sourcecode.c.h; path = MBTwitterScroll.h; sourceTree = "<group>"; };
		F75292DC1B44237000DBAC42 /* MBTwitterScroll.m */ = {isa = PBXFileReference; fileEncoding = 4; lastKnownFileType = sourcecode.c.objc; path = MBTwitterScroll.m; sourceTree = "<group>"; };
		F75292DE1B44253C00DBAC42 /* UIScrollView+TwitterCover.h */ = {isa = PBXFileReference; fileEncoding = 4; lastKnownFileType = sourcecode.c.h; path = "UIScrollView+TwitterCover.h"; sourceTree = "<group>"; };
		F75292DF1B44253C00DBAC42 /* UIScrollView+TwitterCover.m */ = {isa = PBXFileReference; fileEncoding = 4; lastKnownFileType = sourcecode.c.objc; path = "UIScrollView+TwitterCover.m"; sourceTree = "<group>"; };
		F75292E11B44256E00DBAC42 /* chandler.gif */ = {isa = PBXFileReference; lastKnownFileType = image.gif; path = chandler.gif; sourceTree = "<group>"; };
		F763C7021B45A55C00257A56 /* UserTimelineViewController.h */ = {isa = PBXFileReference; fileEncoding = 4; lastKnownFileType = sourcecode.c.h; path = UserTimelineViewController.h; sourceTree = "<group>"; };
		F763C7031B45A55C00257A56 /* UserTimelineViewController.m */ = {isa = PBXFileReference; fileEncoding = 4; lastKnownFileType = sourcecode.c.objc; path = UserTimelineViewController.m; sourceTree = "<group>"; };
		F763C7041B45A55C00257A56 /* UserTimelineViewController.xib */ = {isa = PBXFileReference; fileEncoding = 4; lastKnownFileType = file.xib; path = UserTimelineViewController.xib; sourceTree = "<group>"; };
		F764B4F91B414905001B85F4 /* TweetCell.h */ = {isa = PBXFileReference; fileEncoding = 4; lastKnownFileType = sourcecode.c.h; path = TweetCell.h; sourceTree = "<group>"; };
		F764B4FA1B414905001B85F4 /* TweetCell.m */ = {isa = PBXFileReference; fileEncoding = 4; lastKnownFileType = sourcecode.c.objc; path = TweetCell.m; sourceTree = "<group>"; };
		F764B4FB1B414905001B85F4 /* TweetCell.xib */ = {isa = PBXFileReference; fileEncoding = 4; lastKnownFileType = file.xib; path = TweetCell.xib; sourceTree = "<group>"; };
		F792D60C1B4413320038EB09 /* MentionsViewController.h */ = {isa = PBXFileReference; fileEncoding = 4; lastKnownFileType = sourcecode.c.h; path = MentionsViewController.h; sourceTree = "<group>"; };
		F792D60D1B4413320038EB09 /* MentionsViewController.m */ = {isa = PBXFileReference; fileEncoding = 4; lastKnownFileType = sourcecode.c.objc; path = MentionsViewController.m; sourceTree = "<group>"; };
		F792D60E1B4413320038EB09 /* MentionsViewController.xib */ = {isa = PBXFileReference; fileEncoding = 4; lastKnownFileType = file.xib; path = MentionsViewController.xib; sourceTree = "<group>"; };
		F79EBD8A1B44EDFB002A8EAA /* UserProfileModal.h */ = {isa = PBXFileReference; fileEncoding = 4; lastKnownFileType = sourcecode.c.h; path = UserProfileModal.h; sourceTree = "<group>"; };
		F79EBD8B1B44EDFB002A8EAA /* UserProfileModal.m */ = {isa = PBXFileReference; fileEncoding = 4; lastKnownFileType = sourcecode.c.objc; path = UserProfileModal.m; sourceTree = "<group>"; };
		F7B369D41B4545030019DCCA /* SWRevealViewController.h */ = {isa = PBXFileReference; fileEncoding = 4; lastKnownFileType = sourcecode.c.h; path = SWRevealViewController.h; sourceTree = "<group>"; };
		F7B369D51B4545030019DCCA /* SWRevealViewController.m */ = {isa = PBXFileReference; fileEncoding = 4; lastKnownFileType = sourcecode.c.objc; path = SWRevealViewController.m; sourceTree = "<group>"; };
		F7B36A461B45481C0019DCCA /* AFNetworkActivityIndicatorManager.h */ = {isa = PBXFileReference; fileEncoding = 4; lastKnownFileType = sourcecode.c.h; path = AFNetworkActivityIndicatorManager.h; sourceTree = "<group>"; };
		F7B36A471B45481C0019DCCA /* AFNetworkActivityIndicatorManager.m */ = {isa = PBXFileReference; fileEncoding = 4; lastKnownFileType = sourcecode.c.objc; path = AFNetworkActivityIndicatorManager.m; sourceTree = "<group>"; };
		F7B36A481B45481C0019DCCA /* UIActivityIndicatorView+AFNetworking.h */ = {isa = PBXFileReference; fileEncoding = 4; lastKnownFileType = sourcecode.c.h; path = "UIActivityIndicatorView+AFNetworking.h"; sourceTree = "<group>"; };
		F7B36A491B45481C0019DCCA /* UIActivityIndicatorView+AFNetworking.m */ = {isa = PBXFileReference; fileEncoding = 4; lastKnownFileType = sourcecode.c.objc; path = "UIActivityIndicatorView+AFNetworking.m"; sourceTree = "<group>"; };
		F7B36A4A1B45481C0019DCCA /* UIAlertView+AFNetworking.h */ = {isa = PBXFileReference; fileEncoding = 4; lastKnownFileType = sourcecode.c.h; path = "UIAlertView+AFNetworking.h"; sourceTree = "<group>"; };
		F7B36A4B1B45481C0019DCCA /* UIAlertView+AFNetworking.m */ = {isa = PBXFileReference; fileEncoding = 4; lastKnownFileType = sourcecode.c.objc; path = "UIAlertView+AFNetworking.m"; sourceTree = "<group>"; };
		F7B36A4C1B45481C0019DCCA /* UIButton+AFNetworking.h */ = {isa = PBXFileReference; fileEncoding = 4; lastKnownFileType = sourcecode.c.h; path = "UIButton+AFNetworking.h"; sourceTree = "<group>"; };
		F7B36A4D1B45481C0019DCCA /* UIButton+AFNetworking.m */ = {isa = PBXFileReference; fileEncoding = 4; lastKnownFileType = sourcecode.c.objc; path = "UIButton+AFNetworking.m"; sourceTree = "<group>"; };
		F7B36A4E1B45481C0019DCCA /* UIImageView+AFNetworking.h */ = {isa = PBXFileReference; fileEncoding = 4; lastKnownFileType = sourcecode.c.h; path = "UIImageView+AFNetworking.h"; sourceTree = "<group>"; };
		F7B36A4F1B45481C0019DCCA /* UIImageView+AFNetworking.m */ = {isa = PBXFileReference; fileEncoding = 4; lastKnownFileType = sourcecode.c.objc; path = "UIImageView+AFNetworking.m"; sourceTree = "<group>"; };
		F7B36A501B45481C0019DCCA /* UIKit+AFNetworking.h */ = {isa = PBXFileReference; fileEncoding = 4; lastKnownFileType = sourcecode.c.h; path = "UIKit+AFNetworking.h"; sourceTree = "<group>"; };
		F7B36A511B45481C0019DCCA /* UIProgressView+AFNetworking.h */ = {isa = PBXFileReference; fileEncoding = 4; lastKnownFileType = sourcecode.c.h; path = "UIProgressView+AFNetworking.h"; sourceTree = "<group>"; };
		F7B36A521B45481C0019DCCA /* UIProgressView+AFNetworking.m */ = {isa = PBXFileReference; fileEncoding = 4; lastKnownFileType = sourcecode.c.objc; path = "UIProgressView+AFNetworking.m"; sourceTree = "<group>"; };
		F7B36A531B45481C0019DCCA /* UIRefreshControl+AFNetworking.h */ = {isa = PBXFileReference; fileEncoding = 4; lastKnownFileType = sourcecode.c.h; path = "UIRefreshControl+AFNetworking.h"; sourceTree = "<group>"; };
		F7B36A541B45481C0019DCCA /* UIRefreshControl+AFNetworking.m */ = {isa = PBXFileReference; fileEncoding = 4; lastKnownFileType = sourcecode.c.objc; path = "UIRefreshControl+AFNetworking.m"; sourceTree = "<group>"; };
		F7B36A551B45481C0019DCCA /* UIWebView+AFNetworking.h */ = {isa = PBXFileReference; fileEncoding = 4; lastKnownFileType = sourcecode.c.h; path = "UIWebView+AFNetworking.h"; sourceTree = "<group>"; };
		F7B36A561B45481C0019DCCA /* UIWebView+AFNetworking.m */ = {isa = PBXFileReference; fileEncoding = 4; lastKnownFileType = sourcecode.c.objc; path = "UIWebView+AFNetworking.m"; sourceTree = "<group>"; };
		F7B36A5F1B4548310019DCCA /* AFHTTPRequestOperation.h */ = {isa = PBXFileReference; fileEncoding = 4; lastKnownFileType = sourcecode.c.h; path = AFHTTPRequestOperation.h; sourceTree = "<group>"; };
		F7B36A601B4548310019DCCA /* AFHTTPRequestOperation.m */ = {isa = PBXFileReference; fileEncoding = 4; lastKnownFileType = sourcecode.c.objc; path = AFHTTPRequestOperation.m; sourceTree = "<group>"; };
		F7B36A611B4548310019DCCA /* AFHTTPRequestOperationManager.h */ = {isa = PBXFileReference; fileEncoding = 4; lastKnownFileType = sourcecode.c.h; path = AFHTTPRequestOperationManager.h; sourceTree = "<group>"; };
		F7B36A621B4548310019DCCA /* AFHTTPRequestOperationManager.m */ = {isa = PBXFileReference; fileEncoding = 4; lastKnownFileType = sourcecode.c.objc; path = AFHTTPRequestOperationManager.m; sourceTree = "<group>"; };
		F7B36A631B4548310019DCCA /* AFHTTPSessionManager.h */ = {isa = PBXFileReference; fileEncoding = 4; lastKnownFileType = sourcecode.c.h; path = AFHTTPSessionManager.h; sourceTree = "<group>"; };
		F7B36A641B4548310019DCCA /* AFHTTPSessionManager.m */ = {isa = PBXFileReference; fileEncoding = 4; lastKnownFileType = sourcecode.c.objc; path = AFHTTPSessionManager.m; sourceTree = "<group>"; };
		F7B36A651B4548310019DCCA /* AFNetworking.h */ = {isa = PBXFileReference; fileEncoding = 4; lastKnownFileType = sourcecode.c.h; path = AFNetworking.h; sourceTree = "<group>"; };
		F7B36A661B4548310019DCCA /* AFNetworkReachabilityManager.h */ = {isa = PBXFileReference; fileEncoding = 4; lastKnownFileType = sourcecode.c.h; path = AFNetworkReachabilityManager.h; sourceTree = "<group>"; };
		F7B36A671B4548310019DCCA /* AFNetworkReachabilityManager.m */ = {isa = PBXFileReference; fileEncoding = 4; lastKnownFileType = sourcecode.c.objc; path = AFNetworkReachabilityManager.m; sourceTree = "<group>"; };
		F7B36A681B4548310019DCCA /* AFSecurityPolicy.h */ = {isa = PBXFileReference; fileEncoding = 4; lastKnownFileType = sourcecode.c.h; path = AFSecurityPolicy.h; sourceTree = "<group>"; };
		F7B36A691B4548310019DCCA /* AFSecurityPolicy.m */ = {isa = PBXFileReference; fileEncoding = 4; lastKnownFileType = sourcecode.c.objc; path = AFSecurityPolicy.m; sourceTree = "<group>"; };
		F7B36A6A1B4548310019DCCA /* AFURLConnectionOperation.h */ = {isa = PBXFileReference; fileEncoding = 4; lastKnownFileType = sourcecode.c.h; path = AFURLConnectionOperation.h; sourceTree = "<group>"; };
		F7B36A6B1B4548310019DCCA /* AFURLConnectionOperation.m */ = {isa = PBXFileReference; fileEncoding = 4; lastKnownFileType = sourcecode.c.objc; path = AFURLConnectionOperation.m; sourceTree = "<group>"; };
		F7B36A6C1B4548310019DCCA /* AFURLRequestSerialization.h */ = {isa = PBXFileReference; fileEncoding = 4; lastKnownFileType = sourcecode.c.h; path = AFURLRequestSerialization.h; sourceTree = "<group>"; };
		F7B36A6D1B4548310019DCCA /* AFURLRequestSerialization.m */ = {isa = PBXFileReference; fileEncoding = 4; lastKnownFileType = sourcecode.c.objc; path = AFURLRequestSerialization.m; sourceTree = "<group>"; };
		F7B36A6E1B4548310019DCCA /* AFURLResponseSerialization.h */ = {isa = PBXFileReference; fileEncoding = 4; lastKnownFileType = sourcecode.c.h; path = AFURLResponseSerialization.h; sourceTree = "<group>"; };
		F7B36A6F1B4548310019DCCA /* AFURLResponseSerialization.m */ = {isa = PBXFileReference; fileEncoding = 4; lastKnownFileType = sourcecode.c.objc; path = AFURLResponseSerialization.m; sourceTree = "<group>"; };
		F7B36A701B4548310019DCCA /* AFURLSessionManager.h */ = {isa = PBXFileReference; fileEncoding = 4; lastKnownFileType = sourcecode.c.h; path = AFURLSessionManager.h; sourceTree = "<group>"; };
		F7B36A711B4548310019DCCA /* AFURLSessionManager.m */ = {isa = PBXFileReference; fileEncoding = 4; lastKnownFileType = sourcecode.c.objc; path = AFURLSessionManager.m; sourceTree = "<group>"; };
		F7B36AB71B454A9B0019DCCA /* RearViewController.h */ = {isa = PBXFileReference; fileEncoding = 4; lastKnownFileType = sourcecode.c.h; path = RearViewController.h; sourceTree = "<group>"; };
		F7B36AB81B454A9B0019DCCA /* RearViewController.m */ = {isa = PBXFileReference; fileEncoding = 4; lastKnownFileType = sourcecode.c.objc; path = RearViewController.m; sourceTree = "<group>"; };
		F7B36AB91B454A9B0019DCCA /* RearViewController.xib */ = {isa = PBXFileReference; fileEncoding = 4; lastKnownFileType = file.xib; path = RearViewController.xib; sourceTree = "<group>"; };
		F7B36AC31B454C680019DCCA /* reveal-icon.png */ = {isa = PBXFileReference; lastKnownFileType = image.png; path = "reveal-icon.png"; sourceTree = "<group>"; };
		F7B36AC41B454C680019DCCA /* reveal-icon@2x.png */ = {isa = PBXFileReference; lastKnownFileType = image.png; path = "reveal-icon@2x.png"; sourceTree = "<group>"; };
		F7B36AC81B4551FE0019DCCA /* Define.h */ = {isa = PBXFileReference; fileEncoding = 4; lastKnownFileType = sourcecode.c.h; path = Define.h; sourceTree = "<group>"; };
		F7B36ACB1B45598D0019DCCA /* TweetsDetailsViewController.h */ = {isa = PBXFileReference; fileEncoding = 4; lastKnownFileType = sourcecode.c.h; path = TweetsDetailsViewController.h; sourceTree = "<group>"; };
		F7B36ACC1B45598D0019DCCA /* TweetsDetailsViewController.m */ = {isa = PBXFileReference; fileEncoding = 4; lastKnownFileType = sourcecode.c.objc; path = TweetsDetailsViewController.m; sourceTree = "<group>"; };
		F7B36ACD1B45598D0019DCCA /* TweetsDetailsViewController.xib */ = {isa = PBXFileReference; fileEncoding = 4; lastKnownFileType = file.xib; path = TweetsDetailsViewController.xib; sourceTree = "<group>"; };
		F7BD18041B41A77E008CD526 /* CINBouncyButton.h */ = {isa = PBXFileReference; fileEncoding = 4; lastKnownFileType = sourcecode.c.h; path = CINBouncyButton.h; sourceTree = "<group>"; };
		F7BD18051B41A77E008CD526 /* CINBouncyButton.m */ = {isa = PBXFileReference; fileEncoding = 4; lastKnownFileType = sourcecode.c.objc; path = CINBouncyButton.m; sourceTree = "<group>"; };
		F7BD180A1B41A8E0008CD526 /* Chameleon.h */ = {isa = PBXFileReference; fileEncoding = 4; lastKnownFileType = sourcecode.c.h; path = Chameleon.h; sourceTree = "<group>"; };
		F7BD180B1B41A8E0008CD526 /* ChameleonMacros.h */ = {isa = PBXFileReference; fileEncoding = 4; lastKnownFileType = sourcecode.c.h; path = ChameleonMacros.h; sourceTree = "<group>"; };
		F7BD180C1B41A8E0008CD526 /* ChameleonStatusBar.h */ = {isa = PBXFileReference; fileEncoding = 4; lastKnownFileType = sourcecode.c.h; path = ChameleonStatusBar.h; sourceTree = "<group>"; };
		F7BD180D1B41A8E0008CD526 /* ChameleonStatusBar.m */ = {isa = PBXFileReference; fileEncoding = 4; lastKnownFileType = sourcecode.c.objc; path = ChameleonStatusBar.m; sourceTree = "<group>"; };
		F7BD180E1B41A8E0008CD526 /* NSArray+Chameleon.h */ = {isa = PBXFileReference; fileEncoding = 4; lastKnownFileType = sourcecode.c.h; path = "NSArray+Chameleon.h"; sourceTree = "<group>"; };
		F7BD180F1B41A8E0008CD526 /* NSArray+Chameleon.m */ = {isa = PBXFileReference; fileEncoding = 4; lastKnownFileType = sourcecode.c.objc; path = "NSArray+Chameleon.m"; sourceTree = "<group>"; };
		F7BD18101B41A8E0008CD526 /* UIColor+Chameleon.h */ = {isa = PBXFileReference; fileEncoding = 4; lastKnownFileType = sourcecode.c.h; path = "UIColor+Chameleon.h"; sourceTree = "<group>"; };
		F7BD18111B41A8E0008CD526 /* UIColor+Chameleon.m */ = {isa = PBXFileReference; fileEncoding = 4; lastKnownFileType = sourcecode.c.objc; path = "UIColor+Chameleon.m"; sourceTree = "<group>"; };
		F7BD18121B41A8E0008CD526 /* UIColor+CIELAB.h */ = {isa = PBXFileReference; fileEncoding = 4; lastKnownFileType = sourcecode.c.h; path = "UIColor+CIELAB.h"; sourceTree = "<group>"; };
		F7BD18131B41A8E0008CD526 /* UIColor+CIELAB.m */ = {isa = PBXFileReference; fileEncoding = 4; lastKnownFileType = sourcecode.c.objc; path = "UIColor+CIELAB.m"; sourceTree = "<group>"; };
		F7BD18141B41A8E0008CD526 /* UIViewController+Chameleon.h */ = {isa = PBXFileReference; fileEncoding = 4; lastKnownFileType = sourcecode.c.h; path = "UIViewController+Chameleon.h"; sourceTree = "<group>"; };
		F7BD18151B41A8E0008CD526 /* UIViewController+Chameleon.m */ = {isa = PBXFileReference; fileEncoding = 4; lastKnownFileType = sourcecode.c.objc; path = "UIViewController+Chameleon.m"; sourceTree = "<group>"; };
/* End PBXFileReference section */

/* Begin PBXFrameworksBuildPhase section */
		CDD366611B41239C001025F3 /* Frameworks */ = {
			isa = PBXFrameworksBuildPhase;
			buildActionMask = 2147483647;
			files = (
				CDD366961B41240E001025F3 /* Fabric.framework in Frameworks */,
				CDD366991B41240E001025F3 /* TwitterCore.framework in Frameworks */,
				CDD366971B41240E001025F3 /* TwitterKit.framework in Frameworks */,
			);
			runOnlyForDeploymentPostprocessing = 0;
		};
		CDD3667D1B41239C001025F3 /* Frameworks */ = {
			isa = PBXFrameworksBuildPhase;
			buildActionMask = 2147483647;
			files = (
			);
			runOnlyForDeploymentPostprocessing = 0;
		};
/* End PBXFrameworksBuildPhase section */

/* Begin PBXGroup section */
		CDD3665B1B41239C001025F3 = {
			isa = PBXGroup;
			children = (
				F7B36AC71B4551DD0019DCCA /* Utilities */,
				F7D738951B4195A4007A6551 /* Images */,
				F764B5001B41528A001B85F4 /* Library */,
				F764B4F81B4148E6001B85F4 /* Cells */,
				CDD366A11B412FCE001025F3 /* Modal */,
				CDD366661B41239C001025F3 /* TwitterReplica */,
				CDD366911B412401001025F3 /* Frameworks */,
				CDD366831B41239C001025F3 /* TwitterReplicaTests */,
				CDD366651B41239C001025F3 /* Products */,
			);
			sourceTree = "<group>";
		};
		CDD366651B41239C001025F3 /* Products */ = {
			isa = PBXGroup;
			children = (
				CDD366641B41239C001025F3 /* TwitterReplica.app */,
				CDD366801B41239C001025F3 /* TwitterReplicaTests.xctest */,
			);
			name = Products;
			sourceTree = "<group>";
		};
		CDD366661B41239C001025F3 /* TwitterReplica */ = {
			isa = PBXGroup;
			children = (
				F7B36AC11B454AA80019DCCA /* RearViewController */,
				F75292D31B441AB100DBAC42 /* ProfileViewDashboard */,
				F763C7071B45A56400257A56 /* UserTimelineDashboard */,
				F792D6081B4413050038EB09 /* MentionsDashboard */,
				F764B4FF1B41521B001B85F4 /* TweetsDashboard */,
				F764B4FE1B415212001B85F4 /* Login */,
				CDD3666B1B41239C001025F3 /* AppDelegate.h */,
				CDD3666C1B41239C001025F3 /* AppDelegate.m */,
				CDD366771B41239C001025F3 /* Images.xcassets */,
				CDD366791B41239C001025F3 /* LaunchScreen.xib */,
				CDD3666E1B41239C001025F3 /* TwitterReplica.xcdatamodeld */,
				CDD366671B41239C001025F3 /* Supporting Files */,
			);
			path = TwitterReplica;
			sourceTree = "<group>";
		};
		CDD366671B41239C001025F3 /* Supporting Files */ = {
			isa = PBXGroup;
			children = (
				CDD366681B41239C001025F3 /* Info.plist */,
				CDD366691B41239C001025F3 /* main.m */,
			);
			name = "Supporting Files";
			sourceTree = "<group>";
		};
		CDD366831B41239C001025F3 /* TwitterReplicaTests */ = {
			isa = PBXGroup;
			children = (
				CDD366861B41239C001025F3 /* TwitterReplicaTests.m */,
				CDD366841B41239C001025F3 /* Supporting Files */,
			);
			path = TwitterReplicaTests;
			sourceTree = "<group>";
		};
		CDD366841B41239C001025F3 /* Supporting Files */ = {
			isa = PBXGroup;
			children = (
				CDD366851B41239C001025F3 /* Info.plist */,
			);
			name = "Supporting Files";
			sourceTree = "<group>";
		};
		CDD366911B412401001025F3 /* Frameworks */ = {
			isa = PBXGroup;
			children = (
				CDD366921B41240E001025F3 /* Fabric.framework */,
				CDD366931B41240E001025F3 /* TwitterKit.framework */,
				CDD366941B41240E001025F3 /* TwitterKitResources.bundle */,
				CDD366951B41240E001025F3 /* TwitterCore.framework */,
			);
			name = Frameworks;
			sourceTree = "<group>";
		};
		CDD366A11B412FCE001025F3 /* Modal */ = {
			isa = PBXGroup;
			children = (
				CDD366A21B413002001025F3 /* TweetsModal.h */,
				CDD366A31B413002001025F3 /* TweetsModal.m */,
				F79EBD8A1B44EDFB002A8EAA /* UserProfileModal.h */,
				F79EBD8B1B44EDFB002A8EAA /* UserProfileModal.m */,
			);
			name = Modal;
			sourceTree = "<group>";
		};
		F75292D31B441AB100DBAC42 /* ProfileViewDashboard */ = {
			isa = PBXGroup;
			children = (
				F75292D61B441BE800DBAC42 /* ProfileViewController.h */,
				F75292D71B441BE800DBAC42 /* ProfileViewController.m */,
				F75292D81B441BE800DBAC42 /* ProfileViewController.xib */,
			);
			name = ProfileViewDashboard;
			sourceTree = "<group>";
		};
		F763C7071B45A56400257A56 /* UserTimelineDashboard */ = {
			isa = PBXGroup;
			children = (
				F763C7021B45A55C00257A56 /* UserTimelineViewController.h */,
				F763C7031B45A55C00257A56 /* UserTimelineViewController.m */,
				F763C7041B45A55C00257A56 /* UserTimelineViewController.xib */,
			);
			name = UserTimelineDashboard;
			path = ..;
			sourceTree = "<group>";
		};
		F764B4F81B4148E6001B85F4 /* Cells */ = {
			isa = PBXGroup;
			children = (
				F764B4F91B414905001B85F4 /* TweetCell.h */,
				F764B4FA1B414905001B85F4 /* TweetCell.m */,
				F764B4FB1B414905001B85F4 /* TweetCell.xib */,
			);
			name = Cells;
			sourceTree = "<group>";
		};
		F764B4FE1B415212001B85F4 /* Login */ = {
			isa = PBXGroup;
			children = (
				CDD366711B41239C001025F3 /* LoginViewController.h */,
				CDD366721B41239C001025F3 /* LoginViewController.m */,
				CDD3669A1B412551001025F3 /* LoginViewController.xib */,
			);
			name = Login;
			sourceTree = "<group>";
		};
		F764B4FF1B41521B001B85F4 /* TweetsDashboard */ = {
			isa = PBXGroup;
			children = (
				CDD3669C1B412B49001025F3 /* TweetsViewController.h */,
				CDD3669D1B412B49001025F3 /* TweetsViewController.m */,
				CDD3669E1B412B49001025F3 /* TweetsViewController.xib */,
				F7B36ACB1B45598D0019DCCA /* TweetsDetailsViewController.h */,
				F7B36ACC1B45598D0019DCCA /* TweetsDetailsViewController.m */,
				F7B36ACD1B45598D0019DCCA /* TweetsDetailsViewController.xib */,
			);
			name = TweetsDashboard;
			sourceTree = "<group>";
		};
		F764B5001B41528A001B85F4 /* Library */ = {
			isa = PBXGroup;
			children = (
				F7B369D41B4545030019DCCA /* SWRevealViewController.h */,
				F7B369D51B4545030019DCCA /* SWRevealViewController.m */,
				F75292DE1B44253C00DBAC42 /* UIScrollView+TwitterCover.h */,
				F75292DF1B44253C00DBAC42 /* UIScrollView+TwitterCover.m */,
				F75292DB1B44237000DBAC42 /* MBTwitterScroll.h */,
				F75292DC1B44237000DBAC42 /* MBTwitterScroll.m */,
				F72C5B831B429161001FF455 /* URBMediaFocusViewController.h */,
				F72C5B841B429161001FF455 /* URBMediaFocusViewController.m */,
				F7BD18091B41A8D7008CD526 /* Chameleon */,
				F7BD18041B41A77E008CD526 /* CINBouncyButton.h */,
				F7BD18051B41A77E008CD526 /* CINBouncyButton.m */,
				F764B5381B4153F7001B85F4 /* AFNetworking */,
			);
			name = Library;
			sourceTree = "<group>";
		};
		F764B5381B4153F7001B85F4 /* AFNetworking */ = {
			isa = PBXGroup;
			children = (
				F7B36A5F1B4548310019DCCA /* AFHTTPRequestOperation.h */,
				F7B36A601B4548310019DCCA /* AFHTTPRequestOperation.m */,
				F7B36A611B4548310019DCCA /* AFHTTPRequestOperationManager.h */,
				F7B36A621B4548310019DCCA /* AFHTTPRequestOperationManager.m */,
				F7B36A631B4548310019DCCA /* AFHTTPSessionManager.h */,
				F7B36A641B4548310019DCCA /* AFHTTPSessionManager.m */,
				F7B36A651B4548310019DCCA /* AFNetworking.h */,
				F7B36A661B4548310019DCCA /* AFNetworkReachabilityManager.h */,
				F7B36A671B4548310019DCCA /* AFNetworkReachabilityManager.m */,
				F7B36A681B4548310019DCCA /* AFSecurityPolicy.h */,
				F7B36A691B4548310019DCCA /* AFSecurityPolicy.m */,
				F7B36A6A1B4548310019DCCA /* AFURLConnectionOperation.h */,
				F7B36A6B1B4548310019DCCA /* AFURLConnectionOperation.m */,
				F7B36A6C1B4548310019DCCA /* AFURLRequestSerialization.h */,
				F7B36A6D1B4548310019DCCA /* AFURLRequestSerialization.m */,
				F7B36A6E1B4548310019DCCA /* AFURLResponseSerialization.h */,
				F7B36A6F1B4548310019DCCA /* AFURLResponseSerialization.m */,
				F7B36A701B4548310019DCCA /* AFURLSessionManager.h */,
				F7B36A711B4548310019DCCA /* AFURLSessionManager.m */,
				F7B36A461B45481C0019DCCA /* AFNetworkActivityIndicatorManager.h */,
				F7B36A471B45481C0019DCCA /* AFNetworkActivityIndicatorManager.m */,
				F7B36A481B45481C0019DCCA /* UIActivityIndicatorView+AFNetworking.h */,
				F7B36A491B45481C0019DCCA /* UIActivityIndicatorView+AFNetworking.m */,
				F7B36A4A1B45481C0019DCCA /* UIAlertView+AFNetworking.h */,
				F7B36A4B1B45481C0019DCCA /* UIAlertView+AFNetworking.m */,
				F7B36A4C1B45481C0019DCCA /* UIButton+AFNetworking.h */,
				F7B36A4D1B45481C0019DCCA /* UIButton+AFNetworking.m */,
				F7B36A4E1B45481C0019DCCA /* UIImageView+AFNetworking.h */,
				F7B36A4F1B45481C0019DCCA /* UIImageView+AFNetworking.m */,
				F7B36A501B45481C0019DCCA /* UIKit+AFNetworking.h */,
				F7B36A511B45481C0019DCCA /* UIProgressView+AFNetworking.h */,
				F7B36A521B45481C0019DCCA /* UIProgressView+AFNetworking.m */,
				F7B36A531B45481C0019DCCA /* UIRefreshControl+AFNetworking.h */,
				F7B36A541B45481C0019DCCA /* UIRefreshControl+AFNetworking.m */,
				F7B36A551B45481C0019DCCA /* UIWebView+AFNetworking.h */,
				F7B36A561B45481C0019DCCA /* UIWebView+AFNetworking.m */,
			);
			name = AFNetworking;
			sourceTree = "<group>";
		};
		F792D6081B4413050038EB09 /* MentionsDashboard */ = {
			isa = PBXGroup;
			children = (
				F792D60C1B4413320038EB09 /* MentionsViewController.h */,
				F792D60D1B4413320038EB09 /* MentionsViewController.m */,
				F792D60E1B4413320038EB09 /* MentionsViewController.xib */,
			);
			name = MentionsDashboard;
			sourceTree = "<group>";
		};
		F7B36AC11B454AA80019DCCA /* RearViewController */ = {
			isa = PBXGroup;
			children = (
				F7B36AB71B454A9B0019DCCA /* RearViewController.h */,
				F7B36AB81B454A9B0019DCCA /* RearViewController.m */,
				F7B36AB91B454A9B0019DCCA /* RearViewController.xib */,
			);
			name = RearViewController;
			sourceTree = "<group>";
		};
		F7B36AC71B4551DD0019DCCA /* Utilities */ = {
			isa = PBXGroup;
			children = (
				F7B36AC81B4551FE0019DCCA /* Define.h */,
			);
			name = Utilities;
			sourceTree = "<group>";
		};
		F7BD18091B41A8D7008CD526 /* Chameleon */ = {
			isa = PBXGroup;
			children = (
				F7BD180A1B41A8E0008CD526 /* Chameleon.h */,
				F7BD180B1B41A8E0008CD526 /* ChameleonMacros.h */,
				F7BD180C1B41A8E0008CD526 /* ChameleonStatusBar.h */,
				F7BD180D1B41A8E0008CD526 /* ChameleonStatusBar.m */,
				F7BD180E1B41A8E0008CD526 /* NSArray+Chameleon.h */,
				F7BD180F1B41A8E0008CD526 /* NSArray+Chameleon.m */,
				F7BD18101B41A8E0008CD526 /* UIColor+Chameleon.h */,
				F7BD18111B41A8E0008CD526 /* UIColor+Chameleon.m */,
				F7BD18121B41A8E0008CD526 /* UIColor+CIELAB.h */,
				F7BD18131B41A8E0008CD526 /* UIColor+CIELAB.m */,
				F7BD18141B41A8E0008CD526 /* UIViewController+Chameleon.h */,
				F7BD18151B41A8E0008CD526 /* UIViewController+Chameleon.m */,
			);
			name = Chameleon;
			sourceTree = "<group>";
		};
		F7D738951B4195A4007A6551 /* Images */ = {
			isa = PBXGroup;
			children = (
				F75292E11B44256E00DBAC42 /* chandler.gif */,
				F75292D41B441B6500DBAC42 /* cover.png */,
				F7B36AC31B454C680019DCCA /* reveal-icon.png */,
				F7B36AC41B454C680019DCCA /* reveal-icon@2x.png */,
				F72ACC321B45C2F200D2EF85 /* default_banner.png */,
			);
			name = Images;
			sourceTree = "<group>";
		};
/* End PBXGroup section */

/* Begin PBXNativeTarget section */
		CDD366631B41239C001025F3 /* TwitterReplica */ = {
			isa = PBXNativeTarget;
			buildConfigurationList = CDD3668A1B41239C001025F3 /* Build configuration list for PBXNativeTarget "TwitterReplica" */;
			buildPhases = (
				CDD366601B41239C001025F3 /* Sources */,
				CDD366611B41239C001025F3 /* Frameworks */,
				CDD366621B41239C001025F3 /* Resources */,
				CDD366901B4123CF001025F3 /* ShellScript */,
			);
			buildRules = (
			);
			dependencies = (
			);
			name = TwitterReplica;
			productName = TwitterReplica;
			productReference = CDD366641B41239C001025F3 /* TwitterReplica.app */;
			productType = "com.apple.product-type.application";
		};
		CDD3667F1B41239C001025F3 /* TwitterReplicaTests */ = {
			isa = PBXNativeTarget;
			buildConfigurationList = CDD3668D1B41239C001025F3 /* Build configuration list for PBXNativeTarget "TwitterReplicaTests" */;
			buildPhases = (
				CDD3667C1B41239C001025F3 /* Sources */,
				CDD3667D1B41239C001025F3 /* Frameworks */,
				CDD3667E1B41239C001025F3 /* Resources */,
			);
			buildRules = (
			);
			dependencies = (
				CDD366821B41239C001025F3 /* PBXTargetDependency */,
			);
			name = TwitterReplicaTests;
			productName = TwitterReplicaTests;
			productReference = CDD366801B41239C001025F3 /* TwitterReplicaTests.xctest */;
			productType = "com.apple.product-type.bundle.unit-test";
		};
/* End PBXNativeTarget section */

/* Begin PBXProject section */
		CDD3665C1B41239C001025F3 /* Project object */ = {
			isa = PBXProject;
			attributes = {
				LastUpgradeCheck = 0630;
				ORGANIZATIONNAME = OpenSource;
				TargetAttributes = {
					CDD366631B41239C001025F3 = {
						CreatedOnToolsVersion = 6.3.2;
					};
					CDD3667F1B41239C001025F3 = {
						CreatedOnToolsVersion = 6.3.2;
						TestTargetID = CDD366631B41239C001025F3;
					};
				};
			};
			buildConfigurationList = CDD3665F1B41239C001025F3 /* Build configuration list for PBXProject "TwitterReplica" */;
			compatibilityVersion = "Xcode 3.2";
			developmentRegion = English;
			hasScannedForEncodings = 0;
			knownRegions = (
				en,
				Base,
			);
			mainGroup = CDD3665B1B41239C001025F3;
			productRefGroup = CDD366651B41239C001025F3 /* Products */;
			projectDirPath = "";
			projectRoot = "";
			targets = (
				CDD366631B41239C001025F3 /* TwitterReplica */,
				CDD3667F1B41239C001025F3 /* TwitterReplicaTests */,
			);
		};
/* End PBXProject section */

/* Begin PBXResourcesBuildPhase section */
		CDD366621B41239C001025F3 /* Resources */ = {
			isa = PBXResourcesBuildPhase;
			buildActionMask = 2147483647;
			files = (
				CDD366981B41240E001025F3 /* TwitterKitResources.bundle in Resources */,
				F7B36ACF1B45598D0019DCCA /* TweetsDetailsViewController.xib in Resources */,
				CDD366A01B412B49001025F3 /* TweetsViewController.xib in Resources */,
				CDD3667B1B41239C001025F3 /* LaunchScreen.xib in Resources */,
				F7B36AC51B454C680019DCCA /* reveal-icon.png in Resources */,
				F7B36ABB1B454A9B0019DCCA /* RearViewController.xib in Resources */,
				CDD3669B1B412551001025F3 /* LoginViewController.xib in Resources */,
				CDD366781B41239C001025F3 /* Images.xcassets in Resources */,
				F75292E21B44256E00DBAC42 /* chandler.gif in Resources */,
				F75292D51B441B6500DBAC42 /* cover.png in Resources */,
				F7B36AC61B454C680019DCCA /* reveal-icon@2x.png in Resources */,
				F764B4FD1B414905001B85F4 /* TweetCell.xib in Resources */,
				F75292DA1B441BE800DBAC42 /* ProfileViewController.xib in Resources */,
				F763C7061B45A55C00257A56 /* UserTimelineViewController.xib in Resources */,
				F792D6101B4413320038EB09 /* MentionsViewController.xib in Resources */,
				F72ACC331B45C2F200D2EF85 /* default_banner.png in Resources */,
			);
			runOnlyForDeploymentPostprocessing = 0;
		};
		CDD3667E1B41239C001025F3 /* Resources */ = {
			isa = PBXResourcesBuildPhase;
			buildActionMask = 2147483647;
			files = (
			);
			runOnlyForDeploymentPostprocessing = 0;
		};
/* End PBXResourcesBuildPhase section */

/* Begin PBXShellScriptBuildPhase section */
		CDD366901B4123CF001025F3 /* ShellScript */ = {
			isa = PBXShellScriptBuildPhase;
			buildActionMask = 2147483647;
			files = (
			);
			inputPaths = (
			);
			outputPaths = (
			);
			runOnlyForDeploymentPostprocessing = 0;
			shellPath = /bin/sh;
			shellScript = "./Fabric.framework/run 4529ee01f43c2176c747eb7d900a67aa88791415 dc26e93cf9c019129787a61feacd72bbd750c5a3fb9558cbc2c30ee0572729b4";
		};
/* End PBXShellScriptBuildPhase section */

/* Begin PBXSourcesBuildPhase section */
		CDD366601B41239C001025F3 /* Sources */ = {
			isa = PBXSourcesBuildPhase;
			buildActionMask = 2147483647;
			files = (
				F79EBD8C1B44EDFB002A8EAA /* UserProfileModal.m in Sources */,
				F7B36ACE1B45598D0019DCCA /* TweetsDetailsViewController.m in Sources */,
				F7B36A581B45481C0019DCCA /* UIActivityIndicatorView+AFNetworking.m in Sources */,
				F7B36A5D1B45481C0019DCCA /* UIRefreshControl+AFNetworking.m in Sources */,
				F7B36A5A1B45481C0019DCCA /* UIButton+AFNetworking.m in Sources */,
				F7B36A591B45481C0019DCCA /* UIAlertView+AFNetworking.m in Sources */,
				F7B36A731B4548310019DCCA /* AFHTTPRequestOperationManager.m in Sources */,
				CDD366701B41239C001025F3 /* TwitterReplica.xcdatamodeld in Sources */,
				CDD3669F1B412B49001025F3 /* TweetsViewController.m in Sources */,
				F7BD18161B41A8E0008CD526 /* ChameleonStatusBar.m in Sources */,
				F75292D91B441BE800DBAC42 /* ProfileViewController.m in Sources */,
				F75292DD1B44237000DBAC42 /* MBTwitterScroll.m in Sources */,
				F72C5B851B429161001FF455 /* URBMediaFocusViewController.m in Sources */,
				F7B36A5C1B45481C0019DCCA /* UIProgressView+AFNetworking.m in Sources */,
				CDD3666D1B41239C001025F3 /* AppDelegate.m in Sources */,
				F7B36A741B4548310019DCCA /* AFHTTPSessionManager.m in Sources */,
				F7B36A751B4548310019DCCA /* AFNetworkReachabilityManager.m in Sources */,
				F75292E01B44253C00DBAC42 /* UIScrollView+TwitterCover.m in Sources */,
				F7B36A771B4548310019DCCA /* AFURLConnectionOperation.m in Sources */,
				CDD366731B41239C001025F3 /* LoginViewController.m in Sources */,
				F763C7051B45A55C00257A56 /* UserTimelineViewController.m in Sources */,
				F7BD181A1B41A8E0008CD526 /* UIViewController+Chameleon.m in Sources */,
				CDD3666A1B41239C001025F3 /* main.m in Sources */,
				F7BD18171B41A8E0008CD526 /* NSArray+Chameleon.m in Sources */,
				F7B36A721B4548310019DCCA /* AFHTTPRequestOperation.m in Sources */,
				F7B36ABA1B454A9B0019DCCA /* RearViewController.m in Sources */,
				F7B36A7A1B4548310019DCCA /* AFURLSessionManager.m in Sources */,
				F7B369D61B4545030019DCCA /* SWRevealViewController.m in Sources */,
				F7B36A5B1B45481C0019DCCA /* UIImageView+AFNetworking.m in Sources */,
				CDD366A41B413002001025F3 /* TweetsModal.m in Sources */,
				F792D60F1B4413320038EB09 /* MentionsViewController.m in Sources */,
				F7B36A761B4548310019DCCA /* AFSecurityPolicy.m in Sources */,
				F7BD18061B41A77E008CD526 /* CINBouncyButton.m in Sources */,
				F7B36A791B4548310019DCCA /* AFURLResponseSerialization.m in Sources */,
				F7B36A781B4548310019DCCA /* AFURLRequestSerialization.m in Sources */,
				F7BD18181B41A8E0008CD526 /* UIColor+Chameleon.m in Sources */,
				F7B36A571B45481C0019DCCA /* AFNetworkActivityIndicatorManager.m in Sources */,
				F7B36A5E1B45481C0019DCCA /* UIWebView+AFNetworking.m in Sources */,
				F7BD18191B41A8E0008CD526 /* UIColor+CIELAB.m in Sources */,
				F764B4FC1B414905001B85F4 /* TweetCell.m in Sources */,
			);
			runOnlyForDeploymentPostprocessing = 0;
		};
		CDD3667C1B41239C001025F3 /* Sources */ = {
			isa = PBXSourcesBuildPhase;
			buildActionMask = 2147483647;
			files = (
				CDD366871B41239C001025F3 /* TwitterReplicaTests.m in Sources */,
			);
			runOnlyForDeploymentPostprocessing = 0;
		};
/* End PBXSourcesBuildPhase section */

/* Begin PBXTargetDependency section */
		CDD366821B41239C001025F3 /* PBXTargetDependency */ = {
			isa = PBXTargetDependency;
			target = CDD366631B41239C001025F3 /* TwitterReplica */;
			targetProxy = CDD366811B41239C001025F3 /* PBXContainerItemProxy */;
		};
/* End PBXTargetDependency section */

/* Begin PBXVariantGroup section */
		CDD366791B41239C001025F3 /* LaunchScreen.xib */ = {
			isa = PBXVariantGroup;
			children = (
				CDD3667A1B41239C001025F3 /* Base */,
			);
			name = LaunchScreen.xib;
			sourceTree = "<group>";
		};
/* End PBXVariantGroup section */

/* Begin XCBuildConfiguration section */
		CDD366881B41239C001025F3 /* Debug */ = {
			isa = XCBuildConfiguration;
			buildSettings = {
				ALWAYS_SEARCH_USER_PATHS = NO;
				CLANG_CXX_LANGUAGE_STANDARD = "gnu++0x";
				CLANG_CXX_LIBRARY = "libc++";
				CLANG_ENABLE_MODULES = YES;
				CLANG_ENABLE_OBJC_ARC = YES;
				CLANG_WARN_BOOL_CONVERSION = YES;
				CLANG_WARN_CONSTANT_CONVERSION = YES;
				CLANG_WARN_DIRECT_OBJC_ISA_USAGE = YES_ERROR;
				CLANG_WARN_EMPTY_BODY = YES;
				CLANG_WARN_ENUM_CONVERSION = YES;
				CLANG_WARN_INT_CONVERSION = YES;
				CLANG_WARN_OBJC_ROOT_CLASS = YES_ERROR;
				CLANG_WARN_UNREACHABLE_CODE = YES;
				CLANG_WARN__DUPLICATE_METHOD_MATCH = YES;
				CODE_SIGN_IDENTITY = "iPhone Developer";
				"CODE_SIGN_IDENTITY[sdk=iphoneos*]" = "iPhone Developer";
				COPY_PHASE_STRIP = NO;
				DEBUG_INFORMATION_FORMAT = "dwarf-with-dsym";
				ENABLE_STRICT_OBJC_MSGSEND = YES;
				GCC_C_LANGUAGE_STANDARD = gnu99;
				GCC_DYNAMIC_NO_PIC = NO;
				GCC_NO_COMMON_BLOCKS = YES;
				GCC_OPTIMIZATION_LEVEL = 0;
				GCC_PREPROCESSOR_DEFINITIONS = (
					"DEBUG=1",
					"$(inherited)",
				);
				GCC_SYMBOLS_PRIVATE_EXTERN = NO;
				GCC_WARN_64_TO_32_BIT_CONVERSION = YES;
				GCC_WARN_ABOUT_RETURN_TYPE = YES_ERROR;
				GCC_WARN_UNDECLARED_SELECTOR = YES;
				GCC_WARN_UNINITIALIZED_AUTOS = YES_AGGRESSIVE;
				GCC_WARN_UNUSED_FUNCTION = YES;
				GCC_WARN_UNUSED_VARIABLE = YES;
				IPHONEOS_DEPLOYMENT_TARGET = 8.3;
				MTL_ENABLE_DEBUG_INFO = YES;
				ONLY_ACTIVE_ARCH = YES;
				SDKROOT = iphoneos;
			};
			name = Debug;
		};
		CDD366891B41239C001025F3 /* Release */ = {
			isa = XCBuildConfiguration;
			buildSettings = {
				ALWAYS_SEARCH_USER_PATHS = NO;
				CLANG_CXX_LANGUAGE_STANDARD = "gnu++0x";
				CLANG_CXX_LIBRARY = "libc++";
				CLANG_ENABLE_MODULES = YES;
				CLANG_ENABLE_OBJC_ARC = YES;
				CLANG_WARN_BOOL_CONVERSION = YES;
				CLANG_WARN_CONSTANT_CONVERSION = YES;
				CLANG_WARN_DIRECT_OBJC_ISA_USAGE = YES_ERROR;
				CLANG_WARN_EMPTY_BODY = YES;
				CLANG_WARN_ENUM_CONVERSION = YES;
				CLANG_WARN_INT_CONVERSION = YES;
				CLANG_WARN_OBJC_ROOT_CLASS = YES_ERROR;
				CLANG_WARN_UNREACHABLE_CODE = YES;
				CLANG_WARN__DUPLICATE_METHOD_MATCH = YES;
				"CODE_SIGN_IDENTITY[sdk=iphoneos*]" = "iPhone Developer";
				COPY_PHASE_STRIP = NO;
				DEBUG_INFORMATION_FORMAT = "dwarf-with-dsym";
				ENABLE_NS_ASSERTIONS = NO;
				ENABLE_STRICT_OBJC_MSGSEND = YES;
				GCC_C_LANGUAGE_STANDARD = gnu99;
				GCC_NO_COMMON_BLOCKS = YES;
				GCC_WARN_64_TO_32_BIT_CONVERSION = YES;
				GCC_WARN_ABOUT_RETURN_TYPE = YES_ERROR;
				GCC_WARN_UNDECLARED_SELECTOR = YES;
				GCC_WARN_UNINITIALIZED_AUTOS = YES_AGGRESSIVE;
				GCC_WARN_UNUSED_FUNCTION = YES;
				GCC_WARN_UNUSED_VARIABLE = YES;
				IPHONEOS_DEPLOYMENT_TARGET = 8.3;
				MTL_ENABLE_DEBUG_INFO = NO;
				SDKROOT = iphoneos;
				VALIDATE_PRODUCT = YES;
			};
			name = Release;
		};
		CDD3668B1B41239C001025F3 /* Debug */ = {
			isa = XCBuildConfiguration;
			buildSettings = {
				ASSETCATALOG_COMPILER_APPICON_NAME = AppIcon;
				CLANG_ENABLE_MODULES = YES;
				CODE_SIGN_IDENTITY = "iPhone Developer";
				"CODE_SIGN_IDENTITY[sdk=iphoneos*]" = "iPhone Developer";
				DEFINES_MODULE = YES;
				EMBEDDED_CONTENT_CONTAINS_SWIFT = YES;
				FRAMEWORK_SEARCH_PATHS = (
					"$(inherited)",
					"$(PROJECT_DIR)",
				);
				INFOPLIST_FILE = TwitterReplica/Info.plist;
				LD_RUNPATH_SEARCH_PATHS = "$(inherited) @executable_path/Frameworks";
				PRODUCT_NAME = "$(TARGET_NAME)";
				SWIFT_OBJC_BRIDGING_HEADER = "TwitterReplica-Bridging-Header.h";
				SWIFT_OPTIMIZATION_LEVEL = "-Onone";
			};
			name = Debug;
		};
		CDD3668C1B41239C001025F3 /* Release */ = {
			isa = XCBuildConfiguration;
			buildSettings = {
				ASSETCATALOG_COMPILER_APPICON_NAME = AppIcon;
				CLANG_ENABLE_MODULES = YES;
				CODE_SIGN_IDENTITY = "";
				DEFINES_MODULE = YES;
				EMBEDDED_CONTENT_CONTAINS_SWIFT = YES;
				FRAMEWORK_SEARCH_PATHS = (
					"$(inherited)",
					"$(PROJECT_DIR)",
				);
				INFOPLIST_FILE = TwitterReplica/Info.plist;
				LD_RUNPATH_SEARCH_PATHS = "$(inherited) @executable_path/Frameworks";
				PRODUCT_NAME = "$(TARGET_NAME)";
				SWIFT_OBJC_BRIDGING_HEADER = "TwitterReplica-Bridging-Header.h";
			};
			name = Release;
		};
		CDD3668E1B41239C001025F3 /* Debug */ = {
			isa = XCBuildConfiguration;
			buildSettings = {
				BUNDLE_LOADER = "$(TEST_HOST)";
				FRAMEWORK_SEARCH_PATHS = (
					"$(SDKROOT)/Developer/Library/Frameworks",
					"$(inherited)",
				);
				GCC_PREPROCESSOR_DEFINITIONS = (
					"DEBUG=1",
					"$(inherited)",
				);
				INFOPLIST_FILE = TwitterReplicaTests/Info.plist;
				LD_RUNPATH_SEARCH_PATHS = "$(inherited) @executable_path/Frameworks @loader_path/Frameworks";
				PRODUCT_NAME = "$(TARGET_NAME)";
				TEST_HOST = "$(BUILT_PRODUCTS_DIR)/TwitterReplica.app/TwitterReplica";
			};
			name = Debug;
		};
		CDD3668F1B41239C001025F3 /* Release */ = {
			isa = XCBuildConfiguration;
			buildSettings = {
				BUNDLE_LOADER = "$(TEST_HOST)";
				FRAMEWORK_SEARCH_PATHS = (
					"$(SDKROOT)/Developer/Library/Frameworks",
					"$(inherited)",
				);
				INFOPLIST_FILE = TwitterReplicaTests/Info.plist;
				LD_RUNPATH_SEARCH_PATHS = "$(inherited) @executable_path/Frameworks @loader_path/Frameworks";
				PRODUCT_NAME = "$(TARGET_NAME)";
				TEST_HOST = "$(BUILT_PRODUCTS_DIR)/TwitterReplica.app/TwitterReplica";
			};
			name = Release;
		};
/* End XCBuildConfiguration section */

/* Begin XCConfigurationList section */
		CDD3665F1B41239C001025F3 /* Build configuration list for PBXProject "TwitterReplica" */ = {
			isa = XCConfigurationList;
			buildConfigurations = (
				CDD366881B41239C001025F3 /* Debug */,
				CDD366891B41239C001025F3 /* Release */,
			);
			defaultConfigurationIsVisible = 0;
			defaultConfigurationName = Release;
		};
		CDD3668A1B41239C001025F3 /* Build configuration list for PBXNativeTarget "TwitterReplica" */ = {
			isa = XCConfigurationList;
			buildConfigurations = (
				CDD3668B1B41239C001025F3 /* Debug */,
				CDD3668C1B41239C001025F3 /* Release */,
			);
			defaultConfigurationIsVisible = 0;
			defaultConfigurationName = Release;
		};
		CDD3668D1B41239C001025F3 /* Build configuration list for PBXNativeTarget "TwitterReplicaTests" */ = {
			isa = XCConfigurationList;
			buildConfigurations = (
				CDD3668E1B41239C001025F3 /* Debug */,
				CDD3668F1B41239C001025F3 /* Release */,
			);
			defaultConfigurationIsVisible = 0;
			defaultConfigurationName = Release;
		};
/* End XCConfigurationList section */

/* Begin XCVersionGroup section */
		CDD3666E1B41239C001025F3 /* TwitterReplica.xcdatamodeld */ = {
			isa = XCVersionGroup;
			children = (
				CDD3666F1B41239C001025F3 /* TwitterReplica.xcdatamodel */,
			);
			currentVersion = CDD3666F1B41239C001025F3 /* TwitterReplica.xcdatamodel */;
			path = TwitterReplica.xcdatamodeld;
			sourceTree = "<group>";
			versionGroupType = wrapper.xcdatamodel;
		};
/* End XCVersionGroup section */
	};
	rootObject = CDD3665C1B41239C001025F3 /* Project object */;
}
